
Microsoft Visual Studio Solution File, Format Version 12.00
# Visual Studio Version 16
VisualStudioVersion = 16.0.30225.117
MinimumVisualStudioVersion = 10.0.40219.1
Project("{9A19103F-16F7-4668-BE54-9A1E7A4F7556}") = "CalamituffMusic", "CalamituffMusic.csproj", "{187A1993-025B-409E-96EA-3880205D7BCC}"
EndProject
Global
	GlobalSection(SolutionConfigurationPlatforms) = preSolution
		Debug|Any CPU = Debug|Any CPU
		Release|Any CPU = Release|Any CPU
	EndGlobalSection
	GlobalSection(ProjectConfigurationPlatforms) = postSolution
		{187A1993-025B-409E-96EA-3880205D7BCC}.Debug|Any CPU.ActiveCfg = Debug|Any CPU
		{187A1993-025B-409E-96EA-3880205D7BCC}.Debug|Any CPU.Build.0 = Debug|Any CPU
		{187A1993-025B-409E-96EA-3880205D7BCC}.Release|Any CPU.ActiveCfg = Release|Any CPU
		{187A1993-025B-409E-96EA-3880205D7BCC}.Release|Any CPU.Build.0 = Release|Any CPU
	EndGlobalSection
	GlobalSection(SolutionProperties) = preSolution
		HideSolutionNode = FALSE
	EndGlobalSection
	GlobalSection(ExtensibilityGlobals) = postSolution
		SolutionGuid = {EB9F6F70-C15C-435F-A55B-F0F0F84EB1B3}
	EndGlobalSection
EndGlobal
